{
  "name": "TDTESTTT",
  "lockfileVersion": 3,
  "requires": true,
  "packages": {
    "": {
      "dependencies": {
        "tdesign-uniapp": "^0.5.7"
      }
    },
    "node_modules/tdesign-uniapp": {
      "version": "0.5.7",
      "resolved": "https://registry.npmjs.org/tdesign-uniapp/-/tdesign-uniapp-0.5.7.tgz",
      "integrity": "sha512-OQtiVC7Sp5d/jDIzwrLA3TtKvEa2LEG+Kitb9PR1Ju6+cBSKpuoIDjD5JMxRgCCp6ikuPVK2zE2G5c3Hgoog2A==",
      "hasInstallScript": true,
      "license": "MIT"
    }
  }
}
